
Microsoft Visual Studio Solution File, Format Version 12.00
# Visual Studio Version 17
VisualStudioVersion = 17.9.34728.123
MinimumVisualStudioVersion = 10.0.40219.1
Project("{FAE04EC0-301F-11D3-BF4B-00C04F79EFBC}") = "Petstore", "Petstore\Petstore.csproj", "{BDAF5702-ACB5-4408-9D9C-8A6F42AEBCE4}"
EndProject
Global
	GlobalSection(SolutionConfigurationPlatforms) = preSolution
		Debug|Any CPU = Debug|Any CPU
		Release|Any CPU = Release|Any CPU
	EndGlobalSection
	GlobalSection(ProjectConfigurationPlatforms) = postSolution
		{BDAF5702-ACB5-4408-9D9C-8A6F42AEBCE4}.Debug|Any CPU.ActiveCfg = Debug|Any CPU
		{BDAF5702-ACB5-4408-9D9C-8A6F42AEBCE4}.Debug|Any CPU.Build.0 = Debug|Any CPU
		{BDAF5702-ACB5-4408-9D9C-8A6F42AEBCE4}.Release|Any CPU.ActiveCfg = Release|Any CPU
		{BDAF5702-ACB5-4408-9D9C-8A6F42AEBCE4}.Release|Any CPU.Build.0 = Release|Any CPU
	EndGlobalSection
	GlobalSection(SolutionProperties) = preSolution
		HideSolutionNode = FALSE
	EndGlobalSection
	GlobalSection(ExtensibilityGlobals) = postSolution
		SolutionGuid = {6C6E8F3F-96DF-4990-9703-3FAAF2971D8B}
	EndGlobalSection
EndGlobal
